
Microsoft Visual Studio Solution File, Format Version 12.00
# Visual Studio Version 17
VisualStudioVersion = 17.2.32602.215
MinimumVisualStudioVersion = 10.0.40219.1
Project("{9A19103F-16F7-4668-BE54-9A1E7A4F7556}") = "ConsoleTest1", "ConsoleTest1\ConsoleTest1.csproj", "{CEC22CF0-0DF0-4BC9-B313-8E8C74184268}"
EndProject
Project("{9A19103F-16F7-4668-BE54-9A1E7A4F7556}") = "Utils", "Utils\Utils.csproj", "{FB2451B7-3449-4D01-B8B6-95B9338EC2F8}"
EndProject
Project("{9A19103F-16F7-4668-BE54-9A1E7A4F7556}") = "VCILib", "VCILib\VCILib.csproj", "{2242896D-1E28-411E-87D5-F2A588757056}"
EndProject
Project("{9A19103F-16F7-4668-BE54-9A1E7A4F7556}") = "Logger", "Logger\Logger.csproj", "{3E154FE5-F12F-4D26-B05E-0716F4B54A73}"
EndProject
Project("{FAE04EC0-301F-11D3-BF4B-00C04F79EFBC}") = "DiagLib", "DiagLib\DiagLib.csproj", "{F5551B8F-AE83-47F5-8F4D-8E3DFBF3C5CA}"
EndProject
Global
	GlobalSection(SolutionConfigurationPlatforms) = preSolution
		Debug|Any CPU = Debug|Any CPU
		Debug|x64 = Debug|x64
		Debug|x86 = Debug|x86
		Release|Any CPU = Release|Any CPU
		Release|x64 = Release|x64
		Release|x86 = Release|x86
	EndGlobalSection
	GlobalSection(ProjectConfigurationPlatforms) = postSolution
		{CEC22CF0-0DF0-4BC9-B313-8E8C74184268}.Debug|Any CPU.ActiveCfg = Debug|Any CPU
		{CEC22CF0-0DF0-4BC9-B313-8E8C74184268}.Debug|Any CPU.Build.0 = Debug|Any CPU
		{CEC22CF0-0DF0-4BC9-B313-8E8C74184268}.Debug|x64.ActiveCfg = Debug|Any CPU
		{CEC22CF0-0DF0-4BC9-B313-8E8C74184268}.Debug|x64.Build.0 = Debug|Any CPU
		{CEC22CF0-0DF0-4BC9-B313-8E8C74184268}.Debug|x86.ActiveCfg = Debug|Any CPU
		{CEC22CF0-0DF0-4BC9-B313-8E8C74184268}.Debug|x86.Build.0 = Debug|Any CPU
		{CEC22CF0-0DF0-4BC9-B313-8E8C74184268}.Release|Any CPU.ActiveCfg = Release|Any CPU
		{CEC22CF0-0DF0-4BC9-B313-8E8C74184268}.Release|Any CPU.Build.0 = Release|Any CPU
		{CEC22CF0-0DF0-4BC9-B313-8E8C74184268}.Release|x64.ActiveCfg = Release|Any CPU
		{CEC22CF0-0DF0-4BC9-B313-8E8C74184268}.Release|x64.Build.0 = Release|Any CPU
		{CEC22CF0-0DF0-4BC9-B313-8E8C74184268}.Release|x86.ActiveCfg = Release|Any CPU
		{CEC22CF0-0DF0-4BC9-B313-8E8C74184268}.Release|x86.Build.0 = Release|Any CPU
		{FB2451B7-3449-4D01-B8B6-95B9338EC2F8}.Debug|Any CPU.ActiveCfg = Debug|Any CPU
		{FB2451B7-3449-4D01-B8B6-95B9338EC2F8}.Debug|Any CPU.Build.0 = Debug|Any CPU
		{FB2451B7-3449-4D01-B8B6-95B9338EC2F8}.Debug|x64.ActiveCfg = Debug|Any CPU
		{FB2451B7-3449-4D01-B8B6-95B9338EC2F8}.Debug|x64.Build.0 = Debug|Any CPU
		{FB2451B7-3449-4D01-B8B6-95B9338EC2F8}.Debug|x86.ActiveCfg = Debug|Any CPU
		{FB2451B7-3449-4D01-B8B6-95B9338EC2F8}.Debug|x86.Build.0 = Debug|Any CPU
		{FB2451B7-3449-4D01-B8B6-95B9338EC2F8}.Release|Any CPU.ActiveCfg = Release|Any CPU
		{FB2451B7-3449-4D01-B8B6-95B9338EC2F8}.Release|Any CPU.Build.0 = Release|Any CPU
		{FB2451B7-3449-4D01-B8B6-95B9338EC2F8}.Release|x64.ActiveCfg = Release|Any CPU
		{FB2451B7-3449-4D01-B8B6-95B9338EC2F8}.Release|x64.Build.0 = Release|Any CPU
		{FB2451B7-3449-4D01-B8B6-95B9338EC2F8}.Release|x86.ActiveCfg = Release|Any CPU
		{FB2451B7-3449-4D01-B8B6-95B9338EC2F8}.Release|x86.Build.0 = Release|Any CPU
		{2242896D-1E28-411E-87D5-F2A588757056}.Debug|Any CPU.ActiveCfg = Debug|Any CPU
		{2242896D-1E28-411E-87D5-F2A588757056}.Debug|Any CPU.Build.0 = Debug|Any CPU
		{2242896D-1E28-411E-87D5-F2A588757056}.Debug|x64.ActiveCfg = Debug|Any CPU
		{2242896D-1E28-411E-87D5-F2A588757056}.Debug|x64.Build.0 = Debug|Any CPU
		{2242896D-1E28-411E-87D5-F2A588757056}.Debug|x86.ActiveCfg = Debug|Any CPU
		{2242896D-1E28-411E-87D5-F2A588757056}.Debug|x86.Build.0 = Debug|Any CPU
		{2242896D-1E28-411E-87D5-F2A588757056}.Release|Any CPU.ActiveCfg = Release|Any CPU
		{2242896D-1E28-411E-87D5-F2A588757056}.Release|Any CPU.Build.0 = Release|Any CPU
		{2242896D-1E28-411E-87D5-F2A588757056}.Release|x64.ActiveCfg = Release|Any CPU
		{2242896D-1E28-411E-87D5-F2A588757056}.Release|x64.Build.0 = Release|Any CPU
		{2242896D-1E28-411E-87D5-F2A588757056}.Release|x86.ActiveCfg = Release|Any CPU
		{2242896D-1E28-411E-87D5-F2A588757056}.Release|x86.Build.0 = Release|Any CPU
		{3E154FE5-F12F-4D26-B05E-0716F4B54A73}.Debug|Any CPU.ActiveCfg = Debug|Any CPU
		{3E154FE5-F12F-4D26-B05E-0716F4B54A73}.Debug|Any CPU.Build.0 = Debug|Any CPU
		{3E154FE5-F12F-4D26-B05E-0716F4B54A73}.Debug|x64.ActiveCfg = Debug|Any CPU
		{3E154FE5-F12F-4D26-B05E-0716F4B54A73}.Debug|x64.Build.0 = Debug|Any CPU
		{3E154FE5-F12F-4D26-B05E-0716F4B54A73}.Debug|x86.ActiveCfg = Debug|Any CPU
		{3E154FE5-F12F-4D26-B05E-0716F4B54A73}.Debug|x86.Build.0 = Debug|Any CPU
		{3E154FE5-F12F-4D26-B05E-0716F4B54A73}.Release|Any CPU.ActiveCfg = Release|Any CPU
		{3E154FE5-F12F-4D26-B05E-0716F4B54A73}.Release|Any CPU.Build.0 = Release|Any CPU
		{3E154FE5-F12F-4D26-B05E-0716F4B54A73}.Release|x64.ActiveCfg = Release|Any CPU
		{3E154FE5-F12F-4D26-B05E-0716F4B54A73}.Release|x64.Build.0 = Release|Any CPU
		{3E154FE5-F12F-4D26-B05E-0716F4B54A73}.Release|x86.ActiveCfg = Release|Any CPU
		{3E154FE5-F12F-4D26-B05E-0716F4B54A73}.Release|x86.Build.0 = Release|Any CPU
		{F5551B8F-AE83-47F5-8F4D-8E3DFBF3C5CA}.Debug|Any CPU.ActiveCfg = Debug|Any CPU
		{F5551B8F-AE83-47F5-8F4D-8E3DFBF3C5CA}.Debug|Any CPU.Build.0 = Debug|Any CPU
		{F5551B8F-AE83-47F5-8F4D-8E3DFBF3C5CA}.Debug|x64.ActiveCfg = Debug|Any CPU
		{F5551B8F-AE83-47F5-8F4D-8E3DFBF3C5CA}.Debug|x64.Build.0 = Debug|Any CPU
		{F5551B8F-AE83-47F5-8F4D-8E3DFBF3C5CA}.Debug|x86.ActiveCfg = Debug|Any CPU
		{F5551B8F-AE83-47F5-8F4D-8E3DFBF3C5CA}.Debug|x86.Build.0 = Debug|Any CPU
		{F5551B8F-AE83-47F5-8F4D-8E3DFBF3C5CA}.Release|Any CPU.ActiveCfg = Release|Any CPU
		{F5551B8F-AE83-47F5-8F4D-8E3DFBF3C5CA}.Release|Any CPU.Build.0 = Release|Any CPU
		{F5551B8F-AE83-47F5-8F4D-8E3DFBF3C5CA}.Release|x64.ActiveCfg = Release|Any CPU
		{F5551B8F-AE83-47F5-8F4D-8E3DFBF3C5CA}.Release|x64.Build.0 = Release|Any CPU
		{F5551B8F-AE83-47F5-8F4D-8E3DFBF3C5CA}.Release|x86.ActiveCfg = Release|Any CPU
		{F5551B8F-AE83-47F5-8F4D-8E3DFBF3C5CA}.Release|x86.Build.0 = Release|Any CPU
	EndGlobalSection
	GlobalSection(SolutionProperties) = preSolution
		HideSolutionNode = FALSE
	EndGlobalSection
	GlobalSection(ExtensibilityGlobals) = postSolution
		SolutionGuid = {8BFEFB2D-21F9-4968-B532-0938C5086F2E}
	EndGlobalSection
EndGlobal
